
Microsoft Visual Studio Solution File, Format Version 12.00
# Visual Studio Version 17
VisualStudioVersion = 17.11.35327.3
MinimumVisualStudioVersion = 10.0.40219.1
Project("{9A19103F-16F7-4668-BE54-9A1E7A4F7556}") = "AdminApp.Core", "AdminApp.Core\AdminApp.Core.csproj", "{0108D5F5-6218-4F58-B346-10FE8BE11901}"
EndProject
Project("{9A19103F-16F7-4668-BE54-9A1E7A4F7556}") = "AdminApp.Infrastructure", "AdminApp.Infrastructure\AdminApp.Infrastructure.csproj", "{C0CB3EDE-EBEE-4B87-B54F-798BC93BF7A7}"
EndProject
Project("{9A19103F-16F7-4668-BE54-9A1E7A4F7556}") = "AdminApp.Services", "AdminApp.Services\AdminApp.Services.csproj", "{28EC3AD3-C01D-46E3-9A84-5A27840589E9}"
EndProject
Project("{9A19103F-16F7-4668-BE54-9A1E7A4F7556}") = "AdminApp.WebAPI", "AdminApp.WebAPI\AdminApp.WebAPI.csproj", "{81203249-0B6E-411C-B7BA-1143DF40036C}"
EndProject
Project("{9A19103F-16F7-4668-BE54-9A1E7A4F7556}") = "AdminApp.Utils", "AdminApp.Utils\AdminApp.Utils.csproj", "{7F3D3B1F-8DB0-4A83-A7BD-DEF3A20F02D0}"
EndProject
Global
	GlobalSection(SolutionConfigurationPlatforms) = preSolution
		Debug|Any CPU = Debug|Any CPU
		Release|Any CPU = Release|Any CPU
	EndGlobalSection
	GlobalSection(ProjectConfigurationPlatforms) = postSolution
		{0108D5F5-6218-4F58-B346-10FE8BE11901}.Debug|Any CPU.ActiveCfg = Debug|Any CPU
		{0108D5F5-6218-4F58-B346-10FE8BE11901}.Debug|Any CPU.Build.0 = Debug|Any CPU
		{0108D5F5-6218-4F58-B346-10FE8BE11901}.Release|Any CPU.ActiveCfg = Release|Any CPU
		{0108D5F5-6218-4F58-B346-10FE8BE11901}.Release|Any CPU.Build.0 = Release|Any CPU
		{C0CB3EDE-EBEE-4B87-B54F-798BC93BF7A7}.Debug|Any CPU.ActiveCfg = Debug|Any CPU
		{C0CB3EDE-EBEE-4B87-B54F-798BC93BF7A7}.Debug|Any CPU.Build.0 = Debug|Any CPU
		{C0CB3EDE-EBEE-4B87-B54F-798BC93BF7A7}.Release|Any CPU.ActiveCfg = Release|Any CPU
		{C0CB3EDE-EBEE-4B87-B54F-798BC93BF7A7}.Release|Any CPU.Build.0 = Release|Any CPU
		{28EC3AD3-C01D-46E3-9A84-5A27840589E9}.Debug|Any CPU.ActiveCfg = Debug|Any CPU
		{28EC3AD3-C01D-46E3-9A84-5A27840589E9}.Debug|Any CPU.Build.0 = Debug|Any CPU
		{28EC3AD3-C01D-46E3-9A84-5A27840589E9}.Release|Any CPU.ActiveCfg = Release|Any CPU
		{28EC3AD3-C01D-46E3-9A84-5A27840589E9}.Release|Any CPU.Build.0 = Release|Any CPU
		{81203249-0B6E-411C-B7BA-1143DF40036C}.Debug|Any CPU.ActiveCfg = Debug|Any CPU
		{81203249-0B6E-411C-B7BA-1143DF40036C}.Debug|Any CPU.Build.0 = Debug|Any CPU
		{81203249-0B6E-411C-B7BA-1143DF40036C}.Release|Any CPU.ActiveCfg = Release|Any CPU
		{81203249-0B6E-411C-B7BA-1143DF40036C}.Release|Any CPU.Build.0 = Release|Any CPU
		{7F3D3B1F-8DB0-4A83-A7BD-DEF3A20F02D0}.Debug|Any CPU.ActiveCfg = Debug|Any CPU
		{7F3D3B1F-8DB0-4A83-A7BD-DEF3A20F02D0}.Debug|Any CPU.Build.0 = Debug|Any CPU
		{7F3D3B1F-8DB0-4A83-A7BD-DEF3A20F02D0}.Release|Any CPU.ActiveCfg = Release|Any CPU
		{7F3D3B1F-8DB0-4A83-A7BD-DEF3A20F02D0}.Release|Any CPU.Build.0 = Release|Any CPU
	EndGlobalSection
	GlobalSection(SolutionProperties) = preSolution
		HideSolutionNode = FALSE
	EndGlobalSection
	GlobalSection(ExtensibilityGlobals) = postSolution
		SolutionGuid = {A5C0226B-62DF-4834-B47B-725AD15CF750}
	EndGlobalSection
EndGlobal
